
Microsoft Visual Studio Solution File, Format Version 12.00
# Visual Studio Version 17
VisualStudioVersion = 17.11.35327.3
MinimumVisualStudioVersion = 10.0.40219.1
Project("{FAE04EC0-301F-11D3-BF4B-00C04F79EFBC}") = "RSS reader 2.0.Android", "RSS reader 2.0\RSS reader 2.0.Android\RSS reader 2.0.Android.csproj", "{951E45E8-6028-481E-BEA0-5AB763F21601}"
EndProject
Project("{FAE04EC0-301F-11D3-BF4B-00C04F79EFBC}") = "RSS reader 2.0", "RSS reader 2.0\RSS reader 2.0\RSS reader 2.0.csproj", "{473A79D6-1BF0-457E-9345-E04B6A6A2AE5}"
EndProject
Global
	GlobalSection(SolutionConfigurationPlatforms) = preSolution
		Debug|Any CPU = Debug|Any CPU
		Release|Any CPU = Release|Any CPU
	EndGlobalSection
	GlobalSection(ProjectConfigurationPlatforms) = postSolution
		{951E45E8-6028-481E-BEA0-5AB763F21601}.Debug|Any CPU.ActiveCfg = Debug|Any CPU
		{951E45E8-6028-481E-BEA0-5AB763F21601}.Debug|Any CPU.Build.0 = Debug|Any CPU
		{951E45E8-6028-481E-BEA0-5AB763F21601}.Debug|Any CPU.Deploy.0 = Debug|Any CPU
		{951E45E8-6028-481E-BEA0-5AB763F21601}.Release|Any CPU.ActiveCfg = Release|Any CPU
		{951E45E8-6028-481E-BEA0-5AB763F21601}.Release|Any CPU.Build.0 = Release|Any CPU
		{951E45E8-6028-481E-BEA0-5AB763F21601}.Release|Any CPU.Deploy.0 = Release|Any CPU
		{473A79D6-1BF0-457E-9345-E04B6A6A2AE5}.Debug|Any CPU.ActiveCfg = Debug|Any CPU
		{473A79D6-1BF0-457E-9345-E04B6A6A2AE5}.Debug|Any CPU.Build.0 = Debug|Any CPU
		{473A79D6-1BF0-457E-9345-E04B6A6A2AE5}.Debug|Any CPU.Deploy.0 = Debug|Any CPU
		{473A79D6-1BF0-457E-9345-E04B6A6A2AE5}.Release|Any CPU.ActiveCfg = Release|Any CPU
		{473A79D6-1BF0-457E-9345-E04B6A6A2AE5}.Release|Any CPU.Build.0 = Release|Any CPU
		{473A79D6-1BF0-457E-9345-E04B6A6A2AE5}.Release|Any CPU.Deploy.0 = Release|Any CPU
	EndGlobalSection
	GlobalSection(SolutionProperties) = preSolution
		HideSolutionNode = FALSE
	EndGlobalSection
	GlobalSection(ExtensibilityGlobals) = postSolution
		SolutionGuid = {BD51AE03-37E9-4DCE-B2B0-9B23ABA99896}
	EndGlobalSection
EndGlobal
