
Microsoft Visual Studio Solution File, Format Version 12.00
# Visual Studio Version 17
VisualStudioVersion = 17.11.35327.3
MinimumVisualStudioVersion = 10.0.40219.1
Project("{FAE04EC0-301F-11D3-BF4B-00C04F79EFBC}") = "JSON Reader 2.0.Android", "JSON Reader 2.0\JSON Reader 2.0.Android\JSON Reader 2.0.Android.csproj", "{795DBB87-084A-4F6B-9FAF-46B55F77AEC8}"
EndProject
Project("{FAE04EC0-301F-11D3-BF4B-00C04F79EFBC}") = "JSON Reader 2.0", "JSON Reader 2.0\JSON Reader 2.0\JSON Reader 2.0.csproj", "{13C9AF51-C0BE-4906-BEB6-C0B19EC94D8E}"
EndProject
Global
	GlobalSection(SolutionConfigurationPlatforms) = preSolution
		Debug|Any CPU = Debug|Any CPU
		Release|Any CPU = Release|Any CPU
	EndGlobalSection
	GlobalSection(ProjectConfigurationPlatforms) = postSolution
		{795DBB87-084A-4F6B-9FAF-46B55F77AEC8}.Debug|Any CPU.ActiveCfg = Debug|Any CPU
		{795DBB87-084A-4F6B-9FAF-46B55F77AEC8}.Debug|Any CPU.Build.0 = Debug|Any CPU
		{795DBB87-084A-4F6B-9FAF-46B55F77AEC8}.Debug|Any CPU.Deploy.0 = Debug|Any CPU
		{795DBB87-084A-4F6B-9FAF-46B55F77AEC8}.Release|Any CPU.ActiveCfg = Release|Any CPU
		{795DBB87-084A-4F6B-9FAF-46B55F77AEC8}.Release|Any CPU.Build.0 = Release|Any CPU
		{795DBB87-084A-4F6B-9FAF-46B55F77AEC8}.Release|Any CPU.Deploy.0 = Release|Any CPU
		{13C9AF51-C0BE-4906-BEB6-C0B19EC94D8E}.Debug|Any CPU.ActiveCfg = Debug|Any CPU
		{13C9AF51-C0BE-4906-BEB6-C0B19EC94D8E}.Debug|Any CPU.Build.0 = Debug|Any CPU
		{13C9AF51-C0BE-4906-BEB6-C0B19EC94D8E}.Debug|Any CPU.Deploy.0 = Debug|Any CPU
		{13C9AF51-C0BE-4906-BEB6-C0B19EC94D8E}.Release|Any CPU.ActiveCfg = Release|Any CPU
		{13C9AF51-C0BE-4906-BEB6-C0B19EC94D8E}.Release|Any CPU.Build.0 = Release|Any CPU
		{13C9AF51-C0BE-4906-BEB6-C0B19EC94D8E}.Release|Any CPU.Deploy.0 = Release|Any CPU
	EndGlobalSection
	GlobalSection(SolutionProperties) = preSolution
		HideSolutionNode = FALSE
	EndGlobalSection
	GlobalSection(ExtensibilityGlobals) = postSolution
		SolutionGuid = {8A39F6E4-D0B7-41D7-824F-B64B4B0DE765}
	EndGlobalSection
EndGlobal
