
Microsoft Visual Studio Solution File, Format Version 12.00
# Visual Studio Version 17
VisualStudioVersion = 17.11.35327.3
MinimumVisualStudioVersion = 10.0.40219.1
Project("{FAE04EC0-301F-11D3-BF4B-00C04F79EFBC}") = "Phone book 2.0.Android", "Phone book 2.0\Phone book 2.0.Android\Phone book 2.0.Android.csproj", "{30429C8F-A10F-4D05-BDBD-ADF09AA01AEB}"
EndProject
Project("{FAE04EC0-301F-11D3-BF4B-00C04F79EFBC}") = "Phone book 2.0", "Phone book 2.0\Phone book 2.0\Phone book 2.0.csproj", "{C8F98843-E1EF-4FCE-9F73-8035668B27BA}"
EndProject
Global
	GlobalSection(SolutionConfigurationPlatforms) = preSolution
		Debug|Any CPU = Debug|Any CPU
		Release|Any CPU = Release|Any CPU
	EndGlobalSection
	GlobalSection(ProjectConfigurationPlatforms) = postSolution
		{30429C8F-A10F-4D05-BDBD-ADF09AA01AEB}.Debug|Any CPU.ActiveCfg = Debug|Any CPU
		{30429C8F-A10F-4D05-BDBD-ADF09AA01AEB}.Debug|Any CPU.Build.0 = Debug|Any CPU
		{30429C8F-A10F-4D05-BDBD-ADF09AA01AEB}.Debug|Any CPU.Deploy.0 = Debug|Any CPU
		{30429C8F-A10F-4D05-BDBD-ADF09AA01AEB}.Release|Any CPU.ActiveCfg = Release|Any CPU
		{30429C8F-A10F-4D05-BDBD-ADF09AA01AEB}.Release|Any CPU.Build.0 = Release|Any CPU
		{30429C8F-A10F-4D05-BDBD-ADF09AA01AEB}.Release|Any CPU.Deploy.0 = Release|Any CPU
		{C8F98843-E1EF-4FCE-9F73-8035668B27BA}.Debug|Any CPU.ActiveCfg = Debug|Any CPU
		{C8F98843-E1EF-4FCE-9F73-8035668B27BA}.Debug|Any CPU.Build.0 = Debug|Any CPU
		{C8F98843-E1EF-4FCE-9F73-8035668B27BA}.Debug|Any CPU.Deploy.0 = Debug|Any CPU
		{C8F98843-E1EF-4FCE-9F73-8035668B27BA}.Release|Any CPU.ActiveCfg = Release|Any CPU
		{C8F98843-E1EF-4FCE-9F73-8035668B27BA}.Release|Any CPU.Build.0 = Release|Any CPU
		{C8F98843-E1EF-4FCE-9F73-8035668B27BA}.Release|Any CPU.Deploy.0 = Release|Any CPU
	EndGlobalSection
	GlobalSection(SolutionProperties) = preSolution
		HideSolutionNode = FALSE
	EndGlobalSection
	GlobalSection(ExtensibilityGlobals) = postSolution
		SolutionGuid = {A46E3F74-964F-477B-BAA2-6F47957BFC23}
	EndGlobalSection
EndGlobal
